
Microsoft Visual Studio Solution File, Format Version 12.00
# Visual Studio Version 16
VisualStudioVersion = 16.0.30804.86
MinimumVisualStudioVersion = 10.0.40219.1
Project("{FAE04EC0-301F-11D3-BF4B-00C04F79EFBC}") = "API", "API\API.csproj", "{97A9EEE4-3F41-406B-9A40-33FF29FE2769}"
EndProject
Global
	GlobalSection(SolutionConfigurationPlatforms) = preSolution
		Debug|Any CPU = Debug|Any CPU
		Release|Any CPU = Release|Any CPU
	EndGlobalSection
	GlobalSection(ProjectConfigurationPlatforms) = postSolution
		{97A9EEE4-3F41-406B-9A40-33FF29FE2769}.Debug|Any CPU.ActiveCfg = Debug|Any CPU
		{97A9EEE4-3F41-406B-9A40-33FF29FE2769}.Debug|Any CPU.Build.0 = Debug|Any CPU
		{97A9EEE4-3F41-406B-9A40-33FF29FE2769}.Release|Any CPU.ActiveCfg = Release|Any CPU
		{97A9EEE4-3F41-406B-9A40-33FF29FE2769}.Release|Any CPU.Build.0 = Release|Any CPU
	EndGlobalSection
	GlobalSection(SolutionProperties) = preSolution
		HideSolutionNode = FALSE
	EndGlobalSection
	GlobalSection(ExtensibilityGlobals) = postSolution
		SolutionGuid = {B6FC60C7-A9E0-4870-BAA0-BC45FAEC5C6A}
	EndGlobalSection
EndGlobal
